
Microsoft Visual Studio Solution File, Format Version 12.00
Project("{FAE04EC0-301F-11D3-BF4B-00C04F79EFBC}") = "AwesomeXmlConverter", "AwesomeXmlConverter.csproj", "{D5F0BE1A-BE4F-4106-86FE-9DBDE00C6D44}"
EndProject
Project("{FAE04EC0-301F-11D3-BF4B-00C04F79EFBC}") = "TestProject", "TestProject\TestProject.csproj", "{AD01F6AA-EB0B-4071-9588-7FED89759E4D}"
EndProject
Global
	GlobalSection(SolutionConfigurationPlatforms) = preSolution
		Debug|Any CPU = Debug|Any CPU
		Release|Any CPU = Release|Any CPU
	EndGlobalSection
	GlobalSection(ProjectConfigurationPlatforms) = postSolution
		{D5F0BE1A-BE4F-4106-86FE-9DBDE00C6D44}.Debug|Any CPU.ActiveCfg = Debug|Any CPU
		{D5F0BE1A-BE4F-4106-86FE-9DBDE00C6D44}.Debug|Any CPU.Build.0 = Debug|Any CPU
		{D5F0BE1A-BE4F-4106-86FE-9DBDE00C6D44}.Release|Any CPU.ActiveCfg = Release|Any CPU
		{D5F0BE1A-BE4F-4106-86FE-9DBDE00C6D44}.Release|Any CPU.Build.0 = Release|Any CPU
		{AD01F6AA-EB0B-4071-9588-7FED89759E4D}.Debug|Any CPU.ActiveCfg = Debug|Any CPU
		{AD01F6AA-EB0B-4071-9588-7FED89759E4D}.Debug|Any CPU.Build.0 = Debug|Any CPU
		{AD01F6AA-EB0B-4071-9588-7FED89759E4D}.Release|Any CPU.ActiveCfg = Release|Any CPU
		{AD01F6AA-EB0B-4071-9588-7FED89759E4D}.Release|Any CPU.Build.0 = Release|Any CPU
	EndGlobalSection
EndGlobal
